
Microsoft Visual Studio Solution File, Format Version 12.00
# Visual Studio 2012
Project("{FAE04EC0-301F-11D3-BF4B-00C04F79EFBC}") = "Galatee.Silverlight", "Galatee.Silverlight\Galatee.Silverlight.csproj", "{1CF6D980-759E-4408-90D9-A51B125ECB7F}"
	ProjectSection(ProjectDependencies) = postProject
		{B5E3F41E-D180-439E-9EC3-158324DA4407} = {B5E3F41E-D180-439E-9EC3-158324DA4407}
		{0401D389-C168-4034-ADC4-791C4D74B02D} = {0401D389-C168-4034-ADC4-791C4D74B02D}
		{1B5B0CFF-0ACA-4424-B8ED-3DB0ECBA23EF} = {1B5B0CFF-0ACA-4424-B8ED-3DB0ECBA23EF}
	EndProjectSection
EndProject
Project("{FAE04EC0-301F-11D3-BF4B-00C04F79EFBC}") = "Galatee.ModuleLoader", "Galatee.ModuleLoader\Galatee.ModuleLoader.csproj", "{55102540-8183-4F9E-B579-8021AD344110}"
EndProject
Project("{FAE04EC0-301F-11D3-BF4B-00C04F79EFBC}") = "Galatee.Silverlight.Web", "Galatee.Silverlight.Web\Galatee.Silverlight.Web.csproj", "{0401D389-C168-4034-ADC4-791C4D74B02D}"
	ProjectSection(ProjectDependencies) = postProject
		{B5E3F41E-D180-439E-9EC3-158324DA4407} = {B5E3F41E-D180-439E-9EC3-158324DA4407}
	EndProjectSection
EndProject
Project("{FAE04EC0-301F-11D3-BF4B-00C04F79EFBC}") = "Galatee.Security", "Galatee.Security\Galatee.Security.csproj", "{CD7B4752-8EB7-415C-B8C0-7257A91E4F6A}"
EndProject
Project("{FAE04EC0-301F-11D3-BF4B-00C04F79EFBC}") = "Galatee.Silverlight.Security", "Galatee.Silverlight.Security\Galatee.Silverlight.Security.csproj", "{EE4C1A6B-9C4F-4C0C-ADBB-5D960A15FAEE}"
EndProject
Project("{FAE04EC0-301F-11D3-BF4B-00C04F79EFBC}") = "Galatee.Silverlight.Library", "Galatee.Silverlight.Library\Galatee.Silverlight.Library.csproj", "{45E61A9B-385C-4C73-B93F-97AEF91F034C}"
EndProject
Project("{FAE04EC0-301F-11D3-BF4B-00C04F79EFBC}") = "Galatee.Sms.Tools", "Galatee.Sms.Tools\Galatee.Sms.Tools.csproj", "{436B3053-7CFC-4FE0-8B9D-F21189736240}"
EndProject
Project("{FAE04EC0-301F-11D3-BF4B-00C04F79EFBC}") = "Galatee.Sms.WsManagement", "Galatee.Sms.WsManagement\Galatee.Sms.WsManagement.csproj", "{E7110219-8ACF-4238-AC7A-FDEE040D9BA3}"
EndProject
Project("{FAE04EC0-301F-11D3-BF4B-00C04F79EFBC}") = "Galatee.Structure", "Galatee.Structure\Galatee.Structure.csproj", "{16D759EE-71CB-42B0-B9EA-13EACFD7DD01}"
EndProject
Project("{FAE04EC0-301F-11D3-BF4B-00C04F79EFBC}") = "Galatee.WcfService", "Galatee.WcfService\Galatee.WcfService.csproj", "{B5E3F41E-D180-439E-9EC3-158324DA4407}"
EndProject
Project("{FAE04EC0-301F-11D3-BF4B-00C04F79EFBC}") = "Galatee.DataAccess", "Galatee.DataAccess\Galatee.DataAccess.csproj", "{6125D49C-FE80-4F58-8B20-66E49CBBDB97}"
EndProject
Project("{FAE04EC0-301F-11D3-BF4B-00C04F79EFBC}") = "Galatee.Entity.Model", "Galatee.Entity.Postgresql\Galatee.Entity.Model.csproj", "{F8EB6E94-C9B7-4CD7-BCED-97615C41044F}"
EndProject
Project("{FAE04EC0-301F-11D3-BF4B-00C04F79EFBC}") = "Galatee.Tools", "Galatee.Tools\Galatee.Tools.csproj", "{74A2F81D-19CD-4B78-A3DE-6CFF91EB18D0}"
EndProject
Project("{2150E333-8FDC-42A3-9474-1A3956D46DE8}") = "Galatee.Dll", "Galatee.Dll", "{124D23D2-22B1-4C28-AFCB-64924F4253CD}"
	ProjectSection(SolutionItems) = preProject
		Galatee.Dll\AjaxControlToolkit.dll = Galatee.Dll\AjaxControlToolkit.dll
		Galatee.Dll\DropDownCheckBoxes.dll = Galatee.Dll\DropDownCheckBoxes.dll
		Galatee.Dll\EntityFramework.dll = Galatee.Dll\EntityFramework.dll
		Galatee.Dll\Excel.dll = Galatee.Dll\Excel.dll
		Galatee.Dll\Galatee.Security.dll = Galatee.Dll\Galatee.Security.dll
		Galatee.Dll\ICSharpCode.SharpZipLib.dll = Galatee.Dll\ICSharpCode.SharpZipLib.dll
		Galatee.Dll\INOVA.GALATEE.SECURITY.dll = Galatee.Dll\INOVA.GALATEE.SECURITY.dll
		Galatee.Dll\INOVA.GALATEE.SECURITY.resources.dll = Galatee.Dll\INOVA.GALATEE.SECURITY.resources.dll
		Galatee.Dll\INOVA.ISF.DATACCESS.dll = Galatee.Dll\INOVA.ISF.DATACCESS.dll
		Galatee.Dll\INOVA.ISF.DEPLOIEMENT.COMMON.dll = Galatee.Dll\INOVA.ISF.DEPLOIEMENT.COMMON.dll
		Galatee.Dll\ISF.Common.dll = Galatee.Dll\ISF.Common.dll
		Galatee.Dll\ISF.DataAccess.dll = Galatee.Dll\ISF.DataAccess.dll
		Galatee.Dll\Microsoft.Maps.MapControl.Common.dll = Galatee.Dll\Microsoft.Maps.MapControl.Common.dll
		Galatee.Dll\Microsoft.Maps.MapControl.dll = Galatee.Dll\Microsoft.Maps.MapControl.dll
		Galatee.Dll\Microsoft.Practices.EnterpriseLibrary.Common.dll = Galatee.Dll\Microsoft.Practices.EnterpriseLibrary.Common.dll
		Galatee.Dll\Microsoft.Practices.EnterpriseLibrary.Data.dll = Galatee.Dll\Microsoft.Practices.EnterpriseLibrary.Data.dll
		Galatee.Dll\Silverlight.InputCtrl.dll = Galatee.Dll\Silverlight.InputCtrl.dll
		Galatee.Dll\SilverlightContrib.Controls.dll = Galatee.Dll\SilverlightContrib.Controls.dll
		Galatee.Dll\System.Web.Silverlight.dll = Galatee.Dll\System.Web.Silverlight.dll
		Galatee.Dll\System.Windows.Controls.dll = Galatee.Dll\System.Windows.Controls.dll
		Galatee.Dll\System.Windows.Interactivity.dll = Galatee.Dll\System.Windows.Interactivity.dll
		Galatee.Dll\UpdateControls.dll = Galatee.Dll\UpdateControls.dll
	EndProjectSection
EndProject
Project("{FAE04EC0-301F-11D3-BF4B-00C04F79EFBC}") = "GalateeImpression", "GalateeImpression\GalateeImpression.csproj", "{BD2D3197-24D5-4627-962C-337FBA739407}"
EndProject
Project("{FAE04EC0-301F-11D3-BF4B-00C04F79EFBC}") = "Galatee.Silverlight.WorkflowLibrary", "Galatee.Silverlight.WorkflowLibrary\Galatee.Silverlight.WorkflowLibrary.csproj", "{870BE06B-DD84-409D-9B37-379D785F45E0}"
EndProject
Project("{FAE04EC0-301F-11D3-BF4B-00C04F79EFBC}") = "Galatee.WorkflowLibrary", "Galatee.WorkflowLibrary\Galatee.WorkflowLibrary.csproj", "{8C4484BB-E5F7-445F-851D-DB1BC04DC4DE}"
EndProject
Project("{FAE04EC0-301F-11D3-BF4B-00C04F79EFBC}") = "Galatee.WorkflowManager", "Galatee.WorkflowManager\Galatee.WorkflowManager.csproj", "{1B5B0CFF-0ACA-4424-B8ED-3DB0ECBA23EF}"
EndProject
Project("{FAE04EC0-301F-11D3-BF4B-00C04F79EFBC}") = "Galatee.RestService", "Galatee.RestService\Galatee.RestService.csproj", "{17A07CF9-1F39-468B-BA90-DBC8B303C7CB}"
	ProjectSection(ProjectDependencies) = postProject
		{B5E3F41E-D180-439E-9EC3-158324DA4407} = {B5E3F41E-D180-439E-9EC3-158324DA4407}
	EndProjectSection
EndProject
Project("{FAE04EC0-301F-11D3-BF4B-00C04F79EFBC}") = "Licence", "Licence\Licence.csproj", "{832E6CEF-1CD1-4FF0-A3ED-0C09E2CC6373}"
EndProject
Project("{FAE04EC0-301F-11D3-BF4B-00C04F79EFBC}") = "Licence.Web", "Licence.Web\Licence.Web.csproj", "{866AA9B2-D623-4708-A6CF-21E2C2CDA34B}"
EndProject
Project("{FAE04EC0-301F-11D3-BF4B-00C04F79EFBC}") = "IntegrationDeFichier", "IntegrationDeFichier\IntegrationDeFichier.csproj", "{5EDAD0C5-D40B-430D-93D1-2F2CB9033568}"
	ProjectSection(ProjectDependencies) = postProject
		{B5E3F41E-D180-439E-9EC3-158324DA4407} = {B5E3F41E-D180-439E-9EC3-158324DA4407}
	EndProjectSection
EndProject
Project("{FAE04EC0-301F-11D3-BF4B-00C04F79EFBC}") = "WindowsFormsApplication1", "WindowsFormsApplication1\WindowsFormsApplication1.csproj", "{B16309BC-B723-44B5-B9B3-C20B7FE62E1E}"
EndProject
Global
	GlobalSection(SolutionConfigurationPlatforms) = preSolution
		CD_ROM|Any CPU = CD_ROM|Any CPU
		CD_ROM|x86 = CD_ROM|x86
		Debug|Any CPU = Debug|Any CPU
		Debug|x86 = Debug|x86
		DVD-5|Any CPU = DVD-5|Any CPU
		DVD-5|x86 = DVD-5|x86
		Release|Any CPU = Release|Any CPU
		Release|x86 = Release|x86
		SingleImage|Any CPU = SingleImage|Any CPU
		SingleImage|x86 = SingleImage|x86
	EndGlobalSection
	GlobalSection(ProjectConfigurationPlatforms) = postSolution
		{1CF6D980-759E-4408-90D9-A51B125ECB7F}.CD_ROM|Any CPU.ActiveCfg = Release|Any CPU
		{1CF6D980-759E-4408-90D9-A51B125ECB7F}.CD_ROM|Any CPU.Build.0 = Release|Any CPU
		{1CF6D980-759E-4408-90D9-A51B125ECB7F}.CD_ROM|x86.ActiveCfg = Release|Any CPU
		{1CF6D980-759E-4408-90D9-A51B125ECB7F}.Debug|Any CPU.ActiveCfg = Debug|Any CPU
		{1CF6D980-759E-4408-90D9-A51B125ECB7F}.Debug|Any CPU.Build.0 = Debug|Any CPU
		{1CF6D980-759E-4408-90D9-A51B125ECB7F}.Debug|x86.ActiveCfg = Debug|Any CPU
		{1CF6D980-759E-4408-90D9-A51B125ECB7F}.DVD-5|Any CPU.ActiveCfg = Debug|Any CPU
		{1CF6D980-759E-4408-90D9-A51B125ECB7F}.DVD-5|Any CPU.Build.0 = Debug|Any CPU
		{1CF6D980-759E-4408-90D9-A51B125ECB7F}.DVD-5|x86.ActiveCfg = Debug|Any CPU
		{1CF6D980-759E-4408-90D9-A51B125ECB7F}.Release|Any CPU.ActiveCfg = Release|Any CPU
		{1CF6D980-759E-4408-90D9-A51B125ECB7F}.Release|Any CPU.Build.0 = Release|Any CPU
		{1CF6D980-759E-4408-90D9-A51B125ECB7F}.Release|x86.ActiveCfg = Release|Any CPU
		{1CF6D980-759E-4408-90D9-A51B125ECB7F}.SingleImage|Any CPU.ActiveCfg = Release|Any CPU
		{1CF6D980-759E-4408-90D9-A51B125ECB7F}.SingleImage|Any CPU.Build.0 = Release|Any CPU
		{1CF6D980-759E-4408-90D9-A51B125ECB7F}.SingleImage|x86.ActiveCfg = Release|Any CPU
		{55102540-8183-4F9E-B579-8021AD344110}.CD_ROM|Any CPU.ActiveCfg = Release|Any CPU
		{55102540-8183-4F9E-B579-8021AD344110}.CD_ROM|Any CPU.Build.0 = Release|Any CPU
		{55102540-8183-4F9E-B579-8021AD344110}.CD_ROM|x86.ActiveCfg = Release|Any CPU
		{55102540-8183-4F9E-B579-8021AD344110}.Debug|Any CPU.ActiveCfg = Debug|Any CPU
		{55102540-8183-4F9E-B579-8021AD344110}.Debug|Any CPU.Build.0 = Debug|Any CPU
		{55102540-8183-4F9E-B579-8021AD344110}.Debug|x86.ActiveCfg = Debug|Any CPU
		{55102540-8183-4F9E-B579-8021AD344110}.DVD-5|Any CPU.ActiveCfg = Debug|Any CPU
		{55102540-8183-4F9E-B579-8021AD344110}.DVD-5|Any CPU.Build.0 = Debug|Any CPU
		{55102540-8183-4F9E-B579-8021AD344110}.DVD-5|x86.ActiveCfg = Debug|Any CPU
		{55102540-8183-4F9E-B579-8021AD344110}.Release|Any CPU.ActiveCfg = Release|Any CPU
		{55102540-8183-4F9E-B579-8021AD344110}.Release|Any CPU.Build.0 = Release|Any CPU
		{55102540-8183-4F9E-B579-8021AD344110}.Release|x86.ActiveCfg = Release|Any CPU
		{55102540-8183-4F9E-B579-8021AD344110}.SingleImage|Any CPU.ActiveCfg = Release|Any CPU
		{55102540-8183-4F9E-B579-8021AD344110}.SingleImage|Any CPU.Build.0 = Release|Any CPU
		{55102540-8183-4F9E-B579-8021AD344110}.SingleImage|x86.ActiveCfg = Release|Any CPU
		{0401D389-C168-4034-ADC4-791C4D74B02D}.CD_ROM|Any CPU.ActiveCfg = Release|Any CPU
		{0401D389-C168-4034-ADC4-791C4D74B02D}.CD_ROM|Any CPU.Build.0 = Release|Any CPU
		{0401D389-C168-4034-ADC4-791C4D74B02D}.CD_ROM|x86.ActiveCfg = Release|Any CPU
		{0401D389-C168-4034-ADC4-791C4D74B02D}.Debug|Any CPU.ActiveCfg = Debug|Any CPU
		{0401D389-C168-4034-ADC4-791C4D74B02D}.Debug|Any CPU.Build.0 = Debug|Any CPU
		{0401D389-C168-4034-ADC4-791C4D74B02D}.Debug|x86.ActiveCfg = Debug|Any CPU
		{0401D389-C168-4034-ADC4-791C4D74B02D}.DVD-5|Any CPU.ActiveCfg = Debug|Any CPU
		{0401D389-C168-4034-ADC4-791C4D74B02D}.DVD-5|Any CPU.Build.0 = Debug|Any CPU
		{0401D389-C168-4034-ADC4-791C4D74B02D}.DVD-5|x86.ActiveCfg = Debug|Any CPU
		{0401D389-C168-4034-ADC4-791C4D74B02D}.Release|Any CPU.ActiveCfg = Release|Any CPU
		{0401D389-C168-4034-ADC4-791C4D74B02D}.Release|Any CPU.Build.0 = Release|Any CPU
		{0401D389-C168-4034-ADC4-791C4D74B02D}.Release|x86.ActiveCfg = Release|Any CPU
		{0401D389-C168-4034-ADC4-791C4D74B02D}.SingleImage|Any CPU.ActiveCfg = Release|Any CPU
		{0401D389-C168-4034-ADC4-791C4D74B02D}.SingleImage|Any CPU.Build.0 = Release|Any CPU
		{0401D389-C168-4034-ADC4-791C4D74B02D}.SingleImage|x86.ActiveCfg = Release|Any CPU
		{CD7B4752-8EB7-415C-B8C0-7257A91E4F6A}.CD_ROM|Any CPU.ActiveCfg = Release|Any CPU
		{CD7B4752-8EB7-415C-B8C0-7257A91E4F6A}.CD_ROM|Any CPU.Build.0 = Release|Any CPU
		{CD7B4752-8EB7-415C-B8C0-7257A91E4F6A}.CD_ROM|x86.ActiveCfg = Release|Any CPU
		{CD7B4752-8EB7-415C-B8C0-7257A91E4F6A}.Debug|Any CPU.ActiveCfg = Debug|Any CPU
		{CD7B4752-8EB7-415C-B8C0-7257A91E4F6A}.Debug|Any CPU.Build.0 = Debug|Any CPU
		{CD7B4752-8EB7-415C-B8C0-7257A91E4F6A}.Debug|x86.ActiveCfg = Debug|Any CPU
		{CD7B4752-8EB7-415C-B8C0-7257A91E4F6A}.DVD-5|Any CPU.ActiveCfg = Debug|Any CPU
		{CD7B4752-8EB7-415C-B8C0-7257A91E4F6A}.DVD-5|Any CPU.Build.0 = Debug|Any CPU
		{CD7B4752-8EB7-415C-B8C0-7257A91E4F6A}.DVD-5|x86.ActiveCfg = Debug|Any CPU
		{CD7B4752-8EB7-415C-B8C0-7257A91E4F6A}.Release|Any CPU.ActiveCfg = Release|Any CPU
		{CD7B4752-8EB7-415C-B8C0-7257A91E4F6A}.Release|Any CPU.Build.0 = Release|Any CPU
		{CD7B4752-8EB7-415C-B8C0-7257A91E4F6A}.Release|x86.ActiveCfg = Release|Any CPU
		{CD7B4752-8EB7-415C-B8C0-7257A91E4F6A}.SingleImage|Any CPU.ActiveCfg = Release|Any CPU
		{CD7B4752-8EB7-415C-B8C0-7257A91E4F6A}.SingleImage|Any CPU.Build.0 = Release|Any CPU
		{CD7B4752-8EB7-415C-B8C0-7257A91E4F6A}.SingleImage|x86.ActiveCfg = Release|Any CPU
		{EE4C1A6B-9C4F-4C0C-ADBB-5D960A15FAEE}.CD_ROM|Any CPU.ActiveCfg = Release|Any CPU
		{EE4C1A6B-9C4F-4C0C-ADBB-5D960A15FAEE}.CD_ROM|Any CPU.Build.0 = Release|Any CPU
		{EE4C1A6B-9C4F-4C0C-ADBB-5D960A15FAEE}.CD_ROM|x86.ActiveCfg = Release|Any CPU
		{EE4C1A6B-9C4F-4C0C-ADBB-5D960A15FAEE}.Debug|Any CPU.ActiveCfg = Debug|Any CPU
		{EE4C1A6B-9C4F-4C0C-ADBB-5D960A15FAEE}.Debug|Any CPU.Build.0 = Debug|Any CPU
		{EE4C1A6B-9C4F-4C0C-ADBB-5D960A15FAEE}.Debug|x86.ActiveCfg = Debug|Any CPU
		{EE4C1A6B-9C4F-4C0C-ADBB-5D960A15FAEE}.DVD-5|Any CPU.ActiveCfg = Debug|Any CPU
		{EE4C1A6B-9C4F-4C0C-ADBB-5D960A15FAEE}.DVD-5|Any CPU.Build.0 = Debug|Any CPU
		{EE4C1A6B-9C4F-4C0C-ADBB-5D960A15FAEE}.DVD-5|x86.ActiveCfg = Debug|Any CPU
		{EE4C1A6B-9C4F-4C0C-ADBB-5D960A15FAEE}.Release|Any CPU.ActiveCfg = Release|Any CPU
		{EE4C1A6B-9C4F-4C0C-ADBB-5D960A15FAEE}.Release|Any CPU.Build.0 = Release|Any CPU
		{EE4C1A6B-9C4F-4C0C-ADBB-5D960A15FAEE}.Release|x86.ActiveCfg = Release|Any CPU
		{EE4C1A6B-9C4F-4C0C-ADBB-5D960A15FAEE}.SingleImage|Any CPU.ActiveCfg = Release|Any CPU
		{EE4C1A6B-9C4F-4C0C-ADBB-5D960A15FAEE}.SingleImage|Any CPU.Build.0 = Release|Any CPU
		{EE4C1A6B-9C4F-4C0C-ADBB-5D960A15FAEE}.SingleImage|x86.ActiveCfg = Release|Any CPU
		{45E61A9B-385C-4C73-B93F-97AEF91F034C}.CD_ROM|Any CPU.ActiveCfg = Release|Any CPU
		{45E61A9B-385C-4C73-B93F-97AEF91F034C}.CD_ROM|Any CPU.Build.0 = Release|Any CPU
		{45E61A9B-385C-4C73-B93F-97AEF91F034C}.CD_ROM|x86.ActiveCfg = Release|Any CPU
		{45E61A9B-385C-4C73-B93F-97AEF91F034C}.Debug|Any CPU.ActiveCfg = Debug|Any CPU
		{45E61A9B-385C-4C73-B93F-97AEF91F034C}.Debug|Any CPU.Build.0 = Debug|Any CPU
		{45E61A9B-385C-4C73-B93F-97AEF91F034C}.Debug|x86.ActiveCfg = Debug|Any CPU
		{45E61A9B-385C-4C73-B93F-97AEF91F034C}.DVD-5|Any CPU.ActiveCfg = Debug|Any CPU
		{45E61A9B-385C-4C73-B93F-97AEF91F034C}.DVD-5|Any CPU.Build.0 = Debug|Any CPU
		{45E61A9B-385C-4C73-B93F-97AEF91F034C}.DVD-5|x86.ActiveCfg = Debug|Any CPU
		{45E61A9B-385C-4C73-B93F-97AEF91F034C}.Release|Any CPU.ActiveCfg = Release|Any CPU
		{45E61A9B-385C-4C73-B93F-97AEF91F034C}.Release|Any CPU.Build.0 = Release|Any CPU
		{45E61A9B-385C-4C73-B93F-97AEF91F034C}.Release|x86.ActiveCfg = Release|Any CPU
		{45E61A9B-385C-4C73-B93F-97AEF91F034C}.SingleImage|Any CPU.ActiveCfg = Release|Any CPU
		{45E61A9B-385C-4C73-B93F-97AEF91F034C}.SingleImage|Any CPU.Build.0 = Release|Any CPU
		{45E61A9B-385C-4C73-B93F-97AEF91F034C}.SingleImage|x86.ActiveCfg = Release|Any CPU
		{436B3053-7CFC-4FE0-8B9D-F21189736240}.CD_ROM|Any CPU.ActiveCfg = Release|Any CPU
		{436B3053-7CFC-4FE0-8B9D-F21189736240}.CD_ROM|Any CPU.Build.0 = Release|Any CPU
		{436B3053-7CFC-4FE0-8B9D-F21189736240}.CD_ROM|x86.ActiveCfg = Release|x86
		{436B3053-7CFC-4FE0-8B9D-F21189736240}.CD_ROM|x86.Build.0 = Release|x86
		{436B3053-7CFC-4FE0-8B9D-F21189736240}.Debug|Any CPU.ActiveCfg = Debug|Any CPU
		{436B3053-7CFC-4FE0-8B9D-F21189736240}.Debug|Any CPU.Build.0 = Debug|Any CPU
		{436B3053-7CFC-4FE0-8B9D-F21189736240}.Debug|x86.ActiveCfg = Debug|x86
		{436B3053-7CFC-4FE0-8B9D-F21189736240}.Debug|x86.Build.0 = Debug|x86
		{436B3053-7CFC-4FE0-8B9D-F21189736240}.DVD-5|Any CPU.ActiveCfg = Debug|Any CPU
		{436B3053-7CFC-4FE0-8B9D-F21189736240}.DVD-5|Any CPU.Build.0 = Debug|Any CPU
		{436B3053-7CFC-4FE0-8B9D-F21189736240}.DVD-5|x86.ActiveCfg = Debug|x86
		{436B3053-7CFC-4FE0-8B9D-F21189736240}.DVD-5|x86.Build.0 = Debug|x86
		{436B3053-7CFC-4FE0-8B9D-F21189736240}.Release|Any CPU.ActiveCfg = Release|Any CPU
		{436B3053-7CFC-4FE0-8B9D-F21189736240}.Release|Any CPU.Build.0 = Release|Any CPU
		{436B3053-7CFC-4FE0-8B9D-F21189736240}.Release|x86.ActiveCfg = Release|x86
		{436B3053-7CFC-4FE0-8B9D-F21189736240}.Release|x86.Build.0 = Release|x86
		{436B3053-7CFC-4FE0-8B9D-F21189736240}.SingleImage|Any CPU.ActiveCfg = Release|Any CPU
		{436B3053-7CFC-4FE0-8B9D-F21189736240}.SingleImage|Any CPU.Build.0 = Release|Any CPU
		{436B3053-7CFC-4FE0-8B9D-F21189736240}.SingleImage|x86.ActiveCfg = Release|x86
		{436B3053-7CFC-4FE0-8B9D-F21189736240}.SingleImage|x86.Build.0 = Release|x86
		{E7110219-8ACF-4238-AC7A-FDEE040D9BA3}.CD_ROM|Any CPU.ActiveCfg = Release|Any CPU
		{E7110219-8ACF-4238-AC7A-FDEE040D9BA3}.CD_ROM|Any CPU.Build.0 = Release|Any CPU
		{E7110219-8ACF-4238-AC7A-FDEE040D9BA3}.CD_ROM|x86.ActiveCfg = Release|x86
		{E7110219-8ACF-4238-AC7A-FDEE040D9BA3}.CD_ROM|x86.Build.0 = Release|x86
		{E7110219-8ACF-4238-AC7A-FDEE040D9BA3}.Debug|Any CPU.ActiveCfg = Debug|Any CPU
		{E7110219-8ACF-4238-AC7A-FDEE040D9BA3}.Debug|Any CPU.Build.0 = Debug|Any CPU
		{E7110219-8ACF-4238-AC7A-FDEE040D9BA3}.Debug|x86.ActiveCfg = Debug|x86
		{E7110219-8ACF-4238-AC7A-FDEE040D9BA3}.Debug|x86.Build.0 = Debug|x86
		{E7110219-8ACF-4238-AC7A-FDEE040D9BA3}.DVD-5|Any CPU.ActiveCfg = Debug|Any CPU
		{E7110219-8ACF-4238-AC7A-FDEE040D9BA3}.DVD-5|Any CPU.Build.0 = Debug|Any CPU
		{E7110219-8ACF-4238-AC7A-FDEE040D9BA3}.DVD-5|x86.ActiveCfg = Debug|x86
		{E7110219-8ACF-4238-AC7A-FDEE040D9BA3}.DVD-5|x86.Build.0 = Debug|x86
		{E7110219-8ACF-4238-AC7A-FDEE040D9BA3}.Release|Any CPU.ActiveCfg = Release|Any CPU
		{E7110219-8ACF-4238-AC7A-FDEE040D9BA3}.Release|Any CPU.Build.0 = Release|Any CPU
		{E7110219-8ACF-4238-AC7A-FDEE040D9BA3}.Release|x86.ActiveCfg = Release|x86
		{E7110219-8ACF-4238-AC7A-FDEE040D9BA3}.Release|x86.Build.0 = Release|x86
		{E7110219-8ACF-4238-AC7A-FDEE040D9BA3}.SingleImage|Any CPU.ActiveCfg = Release|Any CPU
		{E7110219-8ACF-4238-AC7A-FDEE040D9BA3}.SingleImage|Any CPU.Build.0 = Release|Any CPU
		{E7110219-8ACF-4238-AC7A-FDEE040D9BA3}.SingleImage|x86.ActiveCfg = Release|x86
		{E7110219-8ACF-4238-AC7A-FDEE040D9BA3}.SingleImage|x86.Build.0 = Release|x86
		{16D759EE-71CB-42B0-B9EA-13EACFD7DD01}.CD_ROM|Any CPU.ActiveCfg = Release|Any CPU
		{16D759EE-71CB-42B0-B9EA-13EACFD7DD01}.CD_ROM|Any CPU.Build.0 = Release|Any CPU
		{16D759EE-71CB-42B0-B9EA-13EACFD7DD01}.CD_ROM|x86.ActiveCfg = Release|Any CPU
		{16D759EE-71CB-42B0-B9EA-13EACFD7DD01}.Debug|Any CPU.ActiveCfg = Debug|Any CPU
		{16D759EE-71CB-42B0-B9EA-13EACFD7DD01}.Debug|Any CPU.Build.0 = Debug|Any CPU
		{16D759EE-71CB-42B0-B9EA-13EACFD7DD01}.Debug|x86.ActiveCfg = Debug|Any CPU
		{16D759EE-71CB-42B0-B9EA-13EACFD7DD01}.DVD-5|Any CPU.ActiveCfg = Debug|Any CPU
		{16D759EE-71CB-42B0-B9EA-13EACFD7DD01}.DVD-5|Any CPU.Build.0 = Debug|Any CPU
		{16D759EE-71CB-42B0-B9EA-13EACFD7DD01}.DVD-5|x86.ActiveCfg = Debug|Any CPU
		{16D759EE-71CB-42B0-B9EA-13EACFD7DD01}.Release|Any CPU.ActiveCfg = Release|Any CPU
		{16D759EE-71CB-42B0-B9EA-13EACFD7DD01}.Release|Any CPU.Build.0 = Release|Any CPU
		{16D759EE-71CB-42B0-B9EA-13EACFD7DD01}.Release|x86.ActiveCfg = Release|Any CPU
		{16D759EE-71CB-42B0-B9EA-13EACFD7DD01}.SingleImage|Any CPU.ActiveCfg = Release|Any CPU
		{16D759EE-71CB-42B0-B9EA-13EACFD7DD01}.SingleImage|Any CPU.Build.0 = Release|Any CPU
		{16D759EE-71CB-42B0-B9EA-13EACFD7DD01}.SingleImage|x86.ActiveCfg = Release|Any CPU
		{B5E3F41E-D180-439E-9EC3-158324DA4407}.CD_ROM|Any CPU.ActiveCfg = Release|Any CPU
		{B5E3F41E-D180-439E-9EC3-158324DA4407}.CD_ROM|Any CPU.Build.0 = Release|Any CPU
		{B5E3F41E-D180-439E-9EC3-158324DA4407}.CD_ROM|x86.ActiveCfg = Release|Any CPU
		{B5E3F41E-D180-439E-9EC3-158324DA4407}.Debug|Any CPU.ActiveCfg = Debug|Any CPU
		{B5E3F41E-D180-439E-9EC3-158324DA4407}.Debug|Any CPU.Build.0 = Debug|Any CPU
		{B5E3F41E-D180-439E-9EC3-158324DA4407}.Debug|x86.ActiveCfg = Debug|Any CPU
		{B5E3F41E-D180-439E-9EC3-158324DA4407}.DVD-5|Any CPU.ActiveCfg = Debug|Any CPU
		{B5E3F41E-D180-439E-9EC3-158324DA4407}.DVD-5|Any CPU.Build.0 = Debug|Any CPU
		{B5E3F41E-D180-439E-9EC3-158324DA4407}.DVD-5|x86.ActiveCfg = Debug|Any CPU
		{B5E3F41E-D180-439E-9EC3-158324DA4407}.Release|Any CPU.ActiveCfg = Release|Any CPU
		{B5E3F41E-D180-439E-9EC3-158324DA4407}.Release|Any CPU.Build.0 = Release|Any CPU
		{B5E3F41E-D180-439E-9EC3-158324DA4407}.Release|x86.ActiveCfg = Release|Any CPU
		{B5E3F41E-D180-439E-9EC3-158324DA4407}.SingleImage|Any CPU.ActiveCfg = Release|Any CPU
		{B5E3F41E-D180-439E-9EC3-158324DA4407}.SingleImage|Any CPU.Build.0 = Release|Any CPU
		{B5E3F41E-D180-439E-9EC3-158324DA4407}.SingleImage|x86.ActiveCfg = Release|Any CPU
		{6125D49C-FE80-4F58-8B20-66E49CBBDB97}.CD_ROM|Any CPU.ActiveCfg = Release|Any CPU
		{6125D49C-FE80-4F58-8B20-66E49CBBDB97}.CD_ROM|Any CPU.Build.0 = Release|Any CPU
		{6125D49C-FE80-4F58-8B20-66E49CBBDB97}.CD_ROM|x86.ActiveCfg = Release|Any CPU
		{6125D49C-FE80-4F58-8B20-66E49CBBDB97}.Debug|Any CPU.ActiveCfg = Debug|Any CPU
		{6125D49C-FE80-4F58-8B20-66E49CBBDB97}.Debug|Any CPU.Build.0 = Debug|Any CPU
		{6125D49C-FE80-4F58-8B20-66E49CBBDB97}.Debug|x86.ActiveCfg = Debug|Any CPU
		{6125D49C-FE80-4F58-8B20-66E49CBBDB97}.DVD-5|Any CPU.ActiveCfg = Debug|Any CPU
		{6125D49C-FE80-4F58-8B20-66E49CBBDB97}.DVD-5|Any CPU.Build.0 = Debug|Any CPU
		{6125D49C-FE80-4F58-8B20-66E49CBBDB97}.DVD-5|x86.ActiveCfg = Debug|Any CPU
		{6125D49C-FE80-4F58-8B20-66E49CBBDB97}.Release|Any CPU.ActiveCfg = Release|Any CPU
		{6125D49C-FE80-4F58-8B20-66E49CBBDB97}.Release|Any CPU.Build.0 = Release|Any CPU
		{6125D49C-FE80-4F58-8B20-66E49CBBDB97}.Release|x86.ActiveCfg = Release|Any CPU
		{6125D49C-FE80-4F58-8B20-66E49CBBDB97}.SingleImage|Any CPU.ActiveCfg = Release|Any CPU
		{6125D49C-FE80-4F58-8B20-66E49CBBDB97}.SingleImage|Any CPU.Build.0 = Release|Any CPU
		{6125D49C-FE80-4F58-8B20-66E49CBBDB97}.SingleImage|x86.ActiveCfg = Release|Any CPU
		{F8EB6E94-C9B7-4CD7-BCED-97615C41044F}.CD_ROM|Any CPU.ActiveCfg = Release|Any CPU
		{F8EB6E94-C9B7-4CD7-BCED-97615C41044F}.CD_ROM|Any CPU.Build.0 = Release|Any CPU
		{F8EB6E94-C9B7-4CD7-BCED-97615C41044F}.CD_ROM|x86.ActiveCfg = Release|Any CPU
		{F8EB6E94-C9B7-4CD7-BCED-97615C41044F}.Debug|Any CPU.ActiveCfg = Debug|Any CPU
		{F8EB6E94-C9B7-4CD7-BCED-97615C41044F}.Debug|Any CPU.Build.0 = Debug|Any CPU
		{F8EB6E94-C9B7-4CD7-BCED-97615C41044F}.Debug|x86.ActiveCfg = Debug|Any CPU
		{F8EB6E94-C9B7-4CD7-BCED-97615C41044F}.DVD-5|Any CPU.ActiveCfg = Debug|Any CPU
		{F8EB6E94-C9B7-4CD7-BCED-97615C41044F}.DVD-5|Any CPU.Build.0 = Debug|Any CPU
		{F8EB6E94-C9B7-4CD7-BCED-97615C41044F}.DVD-5|x86.ActiveCfg = Debug|Any CPU
		{F8EB6E94-C9B7-4CD7-BCED-97615C41044F}.Release|Any CPU.ActiveCfg = Release|Any CPU
		{F8EB6E94-C9B7-4CD7-BCED-97615C41044F}.Release|Any CPU.Build.0 = Release|Any CPU
		{F8EB6E94-C9B7-4CD7-BCED-97615C41044F}.Release|x86.ActiveCfg = Release|Any CPU
		{F8EB6E94-C9B7-4CD7-BCED-97615C41044F}.SingleImage|Any CPU.ActiveCfg = Release|Any CPU
		{F8EB6E94-C9B7-4CD7-BCED-97615C41044F}.SingleImage|Any CPU.Build.0 = Release|Any CPU
		{F8EB6E94-C9B7-4CD7-BCED-97615C41044F}.SingleImage|x86.ActiveCfg = Release|Any CPU
		{74A2F81D-19CD-4B78-A3DE-6CFF91EB18D0}.CD_ROM|Any CPU.ActiveCfg = Release|Any CPU
		{74A2F81D-19CD-4B78-A3DE-6CFF91EB18D0}.CD_ROM|Any CPU.Build.0 = Release|Any CPU
		{74A2F81D-19CD-4B78-A3DE-6CFF91EB18D0}.CD_ROM|x86.ActiveCfg = Release|Any CPU
		{74A2F81D-19CD-4B78-A3DE-6CFF91EB18D0}.Debug|Any CPU.ActiveCfg = Debug|Any CPU
		{74A2F81D-19CD-4B78-A3DE-6CFF91EB18D0}.Debug|Any CPU.Build.0 = Debug|Any CPU
		{74A2F81D-19CD-4B78-A3DE-6CFF91EB18D0}.Debug|x86.ActiveCfg = Debug|Any CPU
		{74A2F81D-19CD-4B78-A3DE-6CFF91EB18D0}.DVD-5|Any CPU.ActiveCfg = Debug|Any CPU
		{74A2F81D-19CD-4B78-A3DE-6CFF91EB18D0}.DVD-5|Any CPU.Build.0 = Debug|Any CPU
		{74A2F81D-19CD-4B78-A3DE-6CFF91EB18D0}.DVD-5|x86.ActiveCfg = Debug|Any CPU
		{74A2F81D-19CD-4B78-A3DE-6CFF91EB18D0}.Release|Any CPU.ActiveCfg = Release|Any CPU
		{74A2F81D-19CD-4B78-A3DE-6CFF91EB18D0}.Release|Any CPU.Build.0 = Release|Any CPU
		{74A2F81D-19CD-4B78-A3DE-6CFF91EB18D0}.Release|x86.ActiveCfg = Release|Any CPU
		{74A2F81D-19CD-4B78-A3DE-6CFF91EB18D0}.SingleImage|Any CPU.ActiveCfg = Release|Any CPU
		{74A2F81D-19CD-4B78-A3DE-6CFF91EB18D0}.SingleImage|Any CPU.Build.0 = Release|Any CPU
		{74A2F81D-19CD-4B78-A3DE-6CFF91EB18D0}.SingleImage|x86.ActiveCfg = Release|Any CPU
		{BD2D3197-24D5-4627-962C-337FBA739407}.CD_ROM|Any CPU.ActiveCfg = Release|Any CPU
		{BD2D3197-24D5-4627-962C-337FBA739407}.CD_ROM|Any CPU.Build.0 = Release|Any CPU
		{BD2D3197-24D5-4627-962C-337FBA739407}.CD_ROM|x86.ActiveCfg = Release|Any CPU
		{BD2D3197-24D5-4627-962C-337FBA739407}.Debug|Any CPU.ActiveCfg = Debug|Any CPU
		{BD2D3197-24D5-4627-962C-337FBA739407}.Debug|Any CPU.Build.0 = Debug|Any CPU
		{BD2D3197-24D5-4627-962C-337FBA739407}.Debug|x86.ActiveCfg = Debug|Any CPU
		{BD2D3197-24D5-4627-962C-337FBA739407}.DVD-5|Any CPU.ActiveCfg = Debug|Any CPU
		{BD2D3197-24D5-4627-962C-337FBA739407}.DVD-5|Any CPU.Build.0 = Debug|Any CPU
		{BD2D3197-24D5-4627-962C-337FBA739407}.DVD-5|x86.ActiveCfg = Debug|Any CPU
		{BD2D3197-24D5-4627-962C-337FBA739407}.Release|Any CPU.ActiveCfg = Release|Any CPU
		{BD2D3197-24D5-4627-962C-337FBA739407}.Release|Any CPU.Build.0 = Release|Any CPU
		{BD2D3197-24D5-4627-962C-337FBA739407}.Release|x86.ActiveCfg = Release|Any CPU
		{BD2D3197-24D5-4627-962C-337FBA739407}.SingleImage|Any CPU.ActiveCfg = Release|Any CPU
		{BD2D3197-24D5-4627-962C-337FBA739407}.SingleImage|Any CPU.Build.0 = Release|Any CPU
		{BD2D3197-24D5-4627-962C-337FBA739407}.SingleImage|x86.ActiveCfg = Release|Any CPU
		{870BE06B-DD84-409D-9B37-379D785F45E0}.CD_ROM|Any CPU.ActiveCfg = Release|Any CPU
		{870BE06B-DD84-409D-9B37-379D785F45E0}.CD_ROM|Any CPU.Build.0 = Release|Any CPU
		{870BE06B-DD84-409D-9B37-379D785F45E0}.CD_ROM|x86.ActiveCfg = Release|Any CPU
		{870BE06B-DD84-409D-9B37-379D785F45E0}.Debug|Any CPU.ActiveCfg = Debug|Any CPU
		{870BE06B-DD84-409D-9B37-379D785F45E0}.Debug|Any CPU.Build.0 = Debug|Any CPU
		{870BE06B-DD84-409D-9B37-379D785F45E0}.Debug|x86.ActiveCfg = Debug|Any CPU
		{870BE06B-DD84-409D-9B37-379D785F45E0}.DVD-5|Any CPU.ActiveCfg = Debug|Any CPU
		{870BE06B-DD84-409D-9B37-379D785F45E0}.DVD-5|Any CPU.Build.0 = Debug|Any CPU
		{870BE06B-DD84-409D-9B37-379D785F45E0}.DVD-5|x86.ActiveCfg = Debug|Any CPU
		{870BE06B-DD84-409D-9B37-379D785F45E0}.Release|Any CPU.ActiveCfg = Release|Any CPU
		{870BE06B-DD84-409D-9B37-379D785F45E0}.Release|Any CPU.Build.0 = Release|Any CPU
		{870BE06B-DD84-409D-9B37-379D785F45E0}.Release|x86.ActiveCfg = Release|Any CPU
		{870BE06B-DD84-409D-9B37-379D785F45E0}.SingleImage|Any CPU.ActiveCfg = Release|Any CPU
		{870BE06B-DD84-409D-9B37-379D785F45E0}.SingleImage|Any CPU.Build.0 = Release|Any CPU
		{870BE06B-DD84-409D-9B37-379D785F45E0}.SingleImage|x86.ActiveCfg = Release|Any CPU
		{8C4484BB-E5F7-445F-851D-DB1BC04DC4DE}.CD_ROM|Any CPU.ActiveCfg = Release|Any CPU
		{8C4484BB-E5F7-445F-851D-DB1BC04DC4DE}.CD_ROM|Any CPU.Build.0 = Release|Any CPU
		{8C4484BB-E5F7-445F-851D-DB1BC04DC4DE}.CD_ROM|x86.ActiveCfg = Release|Any CPU
		{8C4484BB-E5F7-445F-851D-DB1BC04DC4DE}.Debug|Any CPU.ActiveCfg = Debug|Any CPU
		{8C4484BB-E5F7-445F-851D-DB1BC04DC4DE}.Debug|Any CPU.Build.0 = Debug|Any CPU
		{8C4484BB-E5F7-445F-851D-DB1BC04DC4DE}.Debug|x86.ActiveCfg = Debug|Any CPU
		{8C4484BB-E5F7-445F-851D-DB1BC04DC4DE}.DVD-5|Any CPU.ActiveCfg = Debug|Any CPU
		{8C4484BB-E5F7-445F-851D-DB1BC04DC4DE}.DVD-5|Any CPU.Build.0 = Debug|Any CPU
		{8C4484BB-E5F7-445F-851D-DB1BC04DC4DE}.DVD-5|x86.ActiveCfg = Debug|Any CPU
		{8C4484BB-E5F7-445F-851D-DB1BC04DC4DE}.Release|Any CPU.ActiveCfg = Release|Any CPU
		{8C4484BB-E5F7-445F-851D-DB1BC04DC4DE}.Release|Any CPU.Build.0 = Release|Any CPU
		{8C4484BB-E5F7-445F-851D-DB1BC04DC4DE}.Release|x86.ActiveCfg = Release|Any CPU
		{8C4484BB-E5F7-445F-851D-DB1BC04DC4DE}.SingleImage|Any CPU.ActiveCfg = Release|Any CPU
		{8C4484BB-E5F7-445F-851D-DB1BC04DC4DE}.SingleImage|Any CPU.Build.0 = Release|Any CPU
		{8C4484BB-E5F7-445F-851D-DB1BC04DC4DE}.SingleImage|x86.ActiveCfg = Release|Any CPU
		{1B5B0CFF-0ACA-4424-B8ED-3DB0ECBA23EF}.CD_ROM|Any CPU.ActiveCfg = Release|Any CPU
		{1B5B0CFF-0ACA-4424-B8ED-3DB0ECBA23EF}.CD_ROM|Any CPU.Build.0 = Release|Any CPU
		{1B5B0CFF-0ACA-4424-B8ED-3DB0ECBA23EF}.CD_ROM|x86.ActiveCfg = Release|Any CPU
		{1B5B0CFF-0ACA-4424-B8ED-3DB0ECBA23EF}.Debug|Any CPU.ActiveCfg = Debug|Any CPU
		{1B5B0CFF-0ACA-4424-B8ED-3DB0ECBA23EF}.Debug|Any CPU.Build.0 = Debug|Any CPU
		{1B5B0CFF-0ACA-4424-B8ED-3DB0ECBA23EF}.Debug|x86.ActiveCfg = Debug|Any CPU
		{1B5B0CFF-0ACA-4424-B8ED-3DB0ECBA23EF}.DVD-5|Any CPU.ActiveCfg = Debug|Any CPU
		{1B5B0CFF-0ACA-4424-B8ED-3DB0ECBA23EF}.DVD-5|Any CPU.Build.0 = Debug|Any CPU
		{1B5B0CFF-0ACA-4424-B8ED-3DB0ECBA23EF}.DVD-5|x86.ActiveCfg = Debug|Any CPU
		{1B5B0CFF-0ACA-4424-B8ED-3DB0ECBA23EF}.Release|Any CPU.ActiveCfg = Release|Any CPU
		{1B5B0CFF-0ACA-4424-B8ED-3DB0ECBA23EF}.Release|Any CPU.Build.0 = Release|Any CPU
		{1B5B0CFF-0ACA-4424-B8ED-3DB0ECBA23EF}.Release|x86.ActiveCfg = Release|Any CPU
		{1B5B0CFF-0ACA-4424-B8ED-3DB0ECBA23EF}.SingleImage|Any CPU.ActiveCfg = Release|Any CPU
		{1B5B0CFF-0ACA-4424-B8ED-3DB0ECBA23EF}.SingleImage|Any CPU.Build.0 = Release|Any CPU
		{1B5B0CFF-0ACA-4424-B8ED-3DB0ECBA23EF}.SingleImage|x86.ActiveCfg = Release|Any CPU
		{17A07CF9-1F39-468B-BA90-DBC8B303C7CB}.CD_ROM|Any CPU.ActiveCfg = Release|Any CPU
		{17A07CF9-1F39-468B-BA90-DBC8B303C7CB}.CD_ROM|Any CPU.Build.0 = Release|Any CPU
		{17A07CF9-1F39-468B-BA90-DBC8B303C7CB}.CD_ROM|x86.ActiveCfg = Release|Any CPU
		{17A07CF9-1F39-468B-BA90-DBC8B303C7CB}.Debug|Any CPU.ActiveCfg = Debug|Any CPU
		{17A07CF9-1F39-468B-BA90-DBC8B303C7CB}.Debug|Any CPU.Build.0 = Debug|Any CPU
		{17A07CF9-1F39-468B-BA90-DBC8B303C7CB}.Debug|x86.ActiveCfg = Debug|Any CPU
		{17A07CF9-1F39-468B-BA90-DBC8B303C7CB}.DVD-5|Any CPU.ActiveCfg = Debug|Any CPU
		{17A07CF9-1F39-468B-BA90-DBC8B303C7CB}.DVD-5|Any CPU.Build.0 = Debug|Any CPU
		{17A07CF9-1F39-468B-BA90-DBC8B303C7CB}.DVD-5|x86.ActiveCfg = Debug|Any CPU
		{17A07CF9-1F39-468B-BA90-DBC8B303C7CB}.Release|Any CPU.ActiveCfg = Release|Any CPU
		{17A07CF9-1F39-468B-BA90-DBC8B303C7CB}.Release|Any CPU.Build.0 = Release|Any CPU
		{17A07CF9-1F39-468B-BA90-DBC8B303C7CB}.Release|x86.ActiveCfg = Release|Any CPU
		{17A07CF9-1F39-468B-BA90-DBC8B303C7CB}.SingleImage|Any CPU.ActiveCfg = Release|Any CPU
		{17A07CF9-1F39-468B-BA90-DBC8B303C7CB}.SingleImage|Any CPU.Build.0 = Release|Any CPU
		{17A07CF9-1F39-468B-BA90-DBC8B303C7CB}.SingleImage|x86.ActiveCfg = Release|Any CPU
		{832E6CEF-1CD1-4FF0-A3ED-0C09E2CC6373}.CD_ROM|Any CPU.ActiveCfg = Release|Any CPU
		{832E6CEF-1CD1-4FF0-A3ED-0C09E2CC6373}.CD_ROM|Any CPU.Build.0 = Release|Any CPU
		{832E6CEF-1CD1-4FF0-A3ED-0C09E2CC6373}.CD_ROM|x86.ActiveCfg = Release|Any CPU
		{832E6CEF-1CD1-4FF0-A3ED-0C09E2CC6373}.Debug|Any CPU.ActiveCfg = Debug|Any CPU
		{832E6CEF-1CD1-4FF0-A3ED-0C09E2CC6373}.Debug|Any CPU.Build.0 = Debug|Any CPU
		{832E6CEF-1CD1-4FF0-A3ED-0C09E2CC6373}.Debug|x86.ActiveCfg = Debug|Any CPU
		{832E6CEF-1CD1-4FF0-A3ED-0C09E2CC6373}.DVD-5|Any CPU.ActiveCfg = Debug|Any CPU
		{832E6CEF-1CD1-4FF0-A3ED-0C09E2CC6373}.DVD-5|Any CPU.Build.0 = Debug|Any CPU
		{832E6CEF-1CD1-4FF0-A3ED-0C09E2CC6373}.DVD-5|x86.ActiveCfg = Debug|Any CPU
		{832E6CEF-1CD1-4FF0-A3ED-0C09E2CC6373}.Release|Any CPU.ActiveCfg = Release|Any CPU
		{832E6CEF-1CD1-4FF0-A3ED-0C09E2CC6373}.Release|Any CPU.Build.0 = Release|Any CPU
		{832E6CEF-1CD1-4FF0-A3ED-0C09E2CC6373}.Release|x86.ActiveCfg = Release|Any CPU
		{832E6CEF-1CD1-4FF0-A3ED-0C09E2CC6373}.SingleImage|Any CPU.ActiveCfg = Release|Any CPU
		{832E6CEF-1CD1-4FF0-A3ED-0C09E2CC6373}.SingleImage|Any CPU.Build.0 = Release|Any CPU
		{832E6CEF-1CD1-4FF0-A3ED-0C09E2CC6373}.SingleImage|x86.ActiveCfg = Release|Any CPU
		{866AA9B2-D623-4708-A6CF-21E2C2CDA34B}.CD_ROM|Any CPU.ActiveCfg = Release|Any CPU
		{866AA9B2-D623-4708-A6CF-21E2C2CDA34B}.CD_ROM|Any CPU.Build.0 = Release|Any CPU
		{866AA9B2-D623-4708-A6CF-21E2C2CDA34B}.CD_ROM|x86.ActiveCfg = Release|Any CPU
		{866AA9B2-D623-4708-A6CF-21E2C2CDA34B}.Debug|Any CPU.ActiveCfg = Debug|Any CPU
		{866AA9B2-D623-4708-A6CF-21E2C2CDA34B}.Debug|Any CPU.Build.0 = Debug|Any CPU
		{866AA9B2-D623-4708-A6CF-21E2C2CDA34B}.Debug|x86.ActiveCfg = Debug|Any CPU
		{866AA9B2-D623-4708-A6CF-21E2C2CDA34B}.DVD-5|Any CPU.ActiveCfg = Debug|Any CPU
		{866AA9B2-D623-4708-A6CF-21E2C2CDA34B}.DVD-5|Any CPU.Build.0 = Debug|Any CPU
		{866AA9B2-D623-4708-A6CF-21E2C2CDA34B}.DVD-5|x86.ActiveCfg = Debug|Any CPU
		{866AA9B2-D623-4708-A6CF-21E2C2CDA34B}.Release|Any CPU.ActiveCfg = Release|Any CPU
		{866AA9B2-D623-4708-A6CF-21E2C2CDA34B}.Release|Any CPU.Build.0 = Release|Any CPU
		{866AA9B2-D623-4708-A6CF-21E2C2CDA34B}.Release|x86.ActiveCfg = Release|Any CPU
		{866AA9B2-D623-4708-A6CF-21E2C2CDA34B}.SingleImage|Any CPU.ActiveCfg = Release|Any CPU
		{866AA9B2-D623-4708-A6CF-21E2C2CDA34B}.SingleImage|Any CPU.Build.0 = Release|Any CPU
		{866AA9B2-D623-4708-A6CF-21E2C2CDA34B}.SingleImage|x86.ActiveCfg = Release|Any CPU
		{5EDAD0C5-D40B-430D-93D1-2F2CB9033568}.CD_ROM|Any CPU.ActiveCfg = Release|Any CPU
		{5EDAD0C5-D40B-430D-93D1-2F2CB9033568}.CD_ROM|Any CPU.Build.0 = Release|Any CPU
		{5EDAD0C5-D40B-430D-93D1-2F2CB9033568}.CD_ROM|x86.ActiveCfg = Release|Any CPU
		{5EDAD0C5-D40B-430D-93D1-2F2CB9033568}.Debug|Any CPU.ActiveCfg = Debug|Any CPU
		{5EDAD0C5-D40B-430D-93D1-2F2CB9033568}.Debug|Any CPU.Build.0 = Debug|Any CPU
		{5EDAD0C5-D40B-430D-93D1-2F2CB9033568}.Debug|x86.ActiveCfg = Debug|Any CPU
		{5EDAD0C5-D40B-430D-93D1-2F2CB9033568}.DVD-5|Any CPU.ActiveCfg = Debug|Any CPU
		{5EDAD0C5-D40B-430D-93D1-2F2CB9033568}.DVD-5|Any CPU.Build.0 = Debug|Any CPU
		{5EDAD0C5-D40B-430D-93D1-2F2CB9033568}.DVD-5|x86.ActiveCfg = Debug|Any CPU
		{5EDAD0C5-D40B-430D-93D1-2F2CB9033568}.Release|Any CPU.ActiveCfg = Release|Any CPU
		{5EDAD0C5-D40B-430D-93D1-2F2CB9033568}.Release|Any CPU.Build.0 = Release|Any CPU
		{5EDAD0C5-D40B-430D-93D1-2F2CB9033568}.Release|x86.ActiveCfg = Release|Any CPU
		{5EDAD0C5-D40B-430D-93D1-2F2CB9033568}.SingleImage|Any CPU.ActiveCfg = Release|Any CPU
		{5EDAD0C5-D40B-430D-93D1-2F2CB9033568}.SingleImage|Any CPU.Build.0 = Release|Any CPU
		{5EDAD0C5-D40B-430D-93D1-2F2CB9033568}.SingleImage|x86.ActiveCfg = Release|Any CPU
		{B16309BC-B723-44B5-B9B3-C20B7FE62E1E}.CD_ROM|Any CPU.ActiveCfg = Release|Any CPU
		{B16309BC-B723-44B5-B9B3-C20B7FE62E1E}.CD_ROM|Any CPU.Build.0 = Release|Any CPU
		{B16309BC-B723-44B5-B9B3-C20B7FE62E1E}.CD_ROM|x86.ActiveCfg = Release|Any CPU
		{B16309BC-B723-44B5-B9B3-C20B7FE62E1E}.Debug|Any CPU.ActiveCfg = Debug|Any CPU
		{B16309BC-B723-44B5-B9B3-C20B7FE62E1E}.Debug|Any CPU.Build.0 = Debug|Any CPU
		{B16309BC-B723-44B5-B9B3-C20B7FE62E1E}.Debug|x86.ActiveCfg = Debug|Any CPU
		{B16309BC-B723-44B5-B9B3-C20B7FE62E1E}.DVD-5|Any CPU.ActiveCfg = Debug|Any CPU
		{B16309BC-B723-44B5-B9B3-C20B7FE62E1E}.DVD-5|Any CPU.Build.0 = Debug|Any CPU
		{B16309BC-B723-44B5-B9B3-C20B7FE62E1E}.DVD-5|x86.ActiveCfg = Debug|Any CPU
		{B16309BC-B723-44B5-B9B3-C20B7FE62E1E}.Release|Any CPU.ActiveCfg = Release|Any CPU
		{B16309BC-B723-44B5-B9B3-C20B7FE62E1E}.Release|Any CPU.Build.0 = Release|Any CPU
		{B16309BC-B723-44B5-B9B3-C20B7FE62E1E}.Release|x86.ActiveCfg = Release|Any CPU
		{B16309BC-B723-44B5-B9B3-C20B7FE62E1E}.SingleImage|Any CPU.ActiveCfg = Release|Any CPU
		{B16309BC-B723-44B5-B9B3-C20B7FE62E1E}.SingleImage|Any CPU.Build.0 = Release|Any CPU
		{B16309BC-B723-44B5-B9B3-C20B7FE62E1E}.SingleImage|x86.ActiveCfg = Release|Any CPU
	EndGlobalSection
	GlobalSection(SolutionProperties) = preSolution
		HideSolutionNode = FALSE
	EndGlobalSection
EndGlobal
